
Microsoft Visual Studio Solution File, Format Version 12.00
# Visual Studio Version 16
VisualStudioVersion = 16.0.30011.22
MinimumVisualStudioVersion = 10.0.40219.1
Project("{FAE04EC0-301F-11D3-BF4B-00C04F79EFBC}") = "SMFS", "SMFS\SMFS.csproj", "{6EE86AD8-D637-4AAA-A8D3-7561CADC08E7}"
EndProject
Global
	GlobalSection(SolutionConfigurationPlatforms) = preSolution
		Debug|Any CPU = Debug|Any CPU
		Debug|x86 = Debug|x86
		Release|Any CPU = Release|Any CPU
		Release|x86 = Release|x86
	EndGlobalSection
	GlobalSection(ProjectConfigurationPlatforms) = postSolution
		{6EE86AD8-D637-4AAA-A8D3-7561CADC08E7}.Debug|Any CPU.ActiveCfg = Debug|Any CPU
		{6EE86AD8-D637-4AAA-A8D3-7561CADC08E7}.Debug|Any CPU.Build.0 = Debug|Any CPU
		{6EE86AD8-D637-4AAA-A8D3-7561CADC08E7}.Debug|x86.ActiveCfg = Debug|Any CPU
		{6EE86AD8-D637-4AAA-A8D3-7561CADC08E7}.Debug|x86.Build.0 = Debug|Any CPU
		{6EE86AD8-D637-4AAA-A8D3-7561CADC08E7}.Release|Any CPU.ActiveCfg = Release|Any CPU
		{6EE86AD8-D637-4AAA-A8D3-7561CADC08E7}.Release|Any CPU.Build.0 = Release|Any CPU
		{6EE86AD8-D637-4AAA-A8D3-7561CADC08E7}.Release|x86.ActiveCfg = Release|Any CPU
		{6EE86AD8-D637-4AAA-A8D3-7561CADC08E7}.Release|x86.Build.0 = Release|Any CPU
	EndGlobalSection
	GlobalSection(SolutionProperties) = preSolution
		HideSolutionNode = FALSE
	EndGlobalSection
	GlobalSection(ExtensibilityGlobals) = postSolution
		SolutionGuid = {02EE5119-4D64-4E81-8AB4-88449DFF4C96}
	EndGlobalSection
EndGlobal
